
Microsoft Visual Studio Solution File, Format Version 12.00
# Visual Studio 15
VisualStudioVersion = 15.0.27004.2006
MinimumVisualStudioVersion = 10.0.40219.1
Project("{FAE04EC0-301F-11D3-BF4B-00C04F79EFBC}") = "WeSketch.App", "WeSketch.App\WeSketch.App.csproj", "{98B48B10-283D-49D9-B50D-C707E6F7D781}"
EndProject
Project("{FAE04EC0-301F-11D3-BF4B-00C04F79EFBC}") = "WeSketch.DataLayer", "WeSketch.DataLayer\WeSketch.DataLayer.csproj", "{2B7DA65D-8EA8-4F50-8DE8-F5DEC1F98698}"
EndProject
Project("{FAE04EC0-301F-11D3-BF4B-00C04F79EFBC}") = "WeSketch.BusinessLogic", "WeSketch.BusinessLogic\WeSketch.BusinessLogic.csproj", "{098CCD22-4AEB-4214-B359-E244DF33B8FC}"
EndProject
Project("{FAE04EC0-301F-11D3-BF4B-00C04F79EFBC}") = "WeSketch.Server", "WeSketch.Server\WeSketch.Server.csproj", "{C80560D1-5477-4961-9244-78903041351F}"
EndProject
Project("{FAE04EC0-301F-11D3-BF4B-00C04F79EFBC}") = "WeSketch.Tests", "ConsoleApp1\WeSketch.Tests.csproj", "{C663F3C4-E376-4BEE-8B6E-AE4259EF8E3E}"
EndProject
Global
	GlobalSection(SolutionConfigurationPlatforms) = preSolution
		Debug|Any CPU = Debug|Any CPU
		Release|Any CPU = Release|Any CPU
	EndGlobalSection
	GlobalSection(ProjectConfigurationPlatforms) = postSolution
		{98B48B10-283D-49D9-B50D-C707E6F7D781}.Debug|Any CPU.ActiveCfg = Debug|Any CPU
		{98B48B10-283D-49D9-B50D-C707E6F7D781}.Debug|Any CPU.Build.0 = Debug|Any CPU
		{98B48B10-283D-49D9-B50D-C707E6F7D781}.Release|Any CPU.ActiveCfg = Release|Any CPU
		{98B48B10-283D-49D9-B50D-C707E6F7D781}.Release|Any CPU.Build.0 = Release|Any CPU
		{2B7DA65D-8EA8-4F50-8DE8-F5DEC1F98698}.Debug|Any CPU.ActiveCfg = Debug|Any CPU
		{2B7DA65D-8EA8-4F50-8DE8-F5DEC1F98698}.Debug|Any CPU.Build.0 = Debug|Any CPU
		{2B7DA65D-8EA8-4F50-8DE8-F5DEC1F98698}.Release|Any CPU.ActiveCfg = Release|Any CPU
		{2B7DA65D-8EA8-4F50-8DE8-F5DEC1F98698}.Release|Any CPU.Build.0 = Release|Any CPU
		{098CCD22-4AEB-4214-B359-E244DF33B8FC}.Debug|Any CPU.ActiveCfg = Debug|Any CPU
		{098CCD22-4AEB-4214-B359-E244DF33B8FC}.Debug|Any CPU.Build.0 = Debug|Any CPU
		{098CCD22-4AEB-4214-B359-E244DF33B8FC}.Release|Any CPU.ActiveCfg = Release|Any CPU
		{098CCD22-4AEB-4214-B359-E244DF33B8FC}.Release|Any CPU.Build.0 = Release|Any CPU
		{C80560D1-5477-4961-9244-78903041351F}.Debug|Any CPU.ActiveCfg = Debug|Any CPU
		{C80560D1-5477-4961-9244-78903041351F}.Debug|Any CPU.Build.0 = Debug|Any CPU
		{C80560D1-5477-4961-9244-78903041351F}.Release|Any CPU.ActiveCfg = Release|Any CPU
		{C80560D1-5477-4961-9244-78903041351F}.Release|Any CPU.Build.0 = Release|Any CPU
		{C663F3C4-E376-4BEE-8B6E-AE4259EF8E3E}.Debug|Any CPU.ActiveCfg = Debug|Any CPU
		{C663F3C4-E376-4BEE-8B6E-AE4259EF8E3E}.Debug|Any CPU.Build.0 = Debug|Any CPU
		{C663F3C4-E376-4BEE-8B6E-AE4259EF8E3E}.Release|Any CPU.ActiveCfg = Release|Any CPU
		{C663F3C4-E376-4BEE-8B6E-AE4259EF8E3E}.Release|Any CPU.Build.0 = Release|Any CPU
	EndGlobalSection
	GlobalSection(SolutionProperties) = preSolution
		HideSolutionNode = FALSE
	EndGlobalSection
	GlobalSection(ExtensibilityGlobals) = postSolution
		SolutionGuid = {DB26440A-CC0F-4DCD-870E-A8C6BE1FFD3E}
	EndGlobalSection
EndGlobal
