
Microsoft Visual Studio Solution File, Format Version 12.00
# Visual Studio 15
VisualStudioVersion = 15.0.27004.2006
MinimumVisualStudioVersion = 10.0.40219.1
Project("{FAE04EC0-301F-11D3-BF4B-00C04F79EFBC}") = "WeSketch.App", "WeSketch.App\WeSketch.App.csproj", "{98B48B10-283D-49D9-B50D-C707E6F7D781}"
EndProject
Project("{FAE04EC0-301F-11D3-BF4B-00C04F79EFBC}") = "WeSketch.Api", "WeSketch.Api\WeSketch.Api.csproj", "{FAF0C1C7-C59D-4113-BB2A-A74AE17B0D98}"
EndProject
Project("{FAE04EC0-301F-11D3-BF4B-00C04F79EFBC}") = "WeSketch.DataLayer", "WeSketch.DataLayer\WeSketch.DataLayer.csproj", "{2B7DA65D-8EA8-4F50-8DE8-F5DEC1F98698}"
EndProject
Project("{FAE04EC0-301F-11D3-BF4B-00C04F79EFBC}") = "WeSketch.BackEndTests", "WeSketch.BackEndTests\WeSketch.BackEndTests.csproj", "{43D8EC1D-E393-4CFE-9984-05AE67E2E39B}"
EndProject
Project("{FAE04EC0-301F-11D3-BF4B-00C04F79EFBC}") = "WeSketch.BusinessLogic", "WeSketch.BusinessLogic\WeSketch.BusinessLogic.csproj", "{098CCD22-4AEB-4214-B359-E244DF33B8FC}"
EndProject
Global
	GlobalSection(SolutionConfigurationPlatforms) = preSolution
		Debug|Any CPU = Debug|Any CPU
		Release|Any CPU = Release|Any CPU
	EndGlobalSection
	GlobalSection(ProjectConfigurationPlatforms) = postSolution
		{98B48B10-283D-49D9-B50D-C707E6F7D781}.Debug|Any CPU.ActiveCfg = Debug|Any CPU
		{98B48B10-283D-49D9-B50D-C707E6F7D781}.Debug|Any CPU.Build.0 = Debug|Any CPU
		{98B48B10-283D-49D9-B50D-C707E6F7D781}.Release|Any CPU.ActiveCfg = Release|Any CPU
		{98B48B10-283D-49D9-B50D-C707E6F7D781}.Release|Any CPU.Build.0 = Release|Any CPU
		{FAF0C1C7-C59D-4113-BB2A-A74AE17B0D98}.Debug|Any CPU.ActiveCfg = Debug|Any CPU
		{FAF0C1C7-C59D-4113-BB2A-A74AE17B0D98}.Debug|Any CPU.Build.0 = Debug|Any CPU
		{FAF0C1C7-C59D-4113-BB2A-A74AE17B0D98}.Release|Any CPU.ActiveCfg = Release|Any CPU
		{FAF0C1C7-C59D-4113-BB2A-A74AE17B0D98}.Release|Any CPU.Build.0 = Release|Any CPU
		{2B7DA65D-8EA8-4F50-8DE8-F5DEC1F98698}.Debug|Any CPU.ActiveCfg = Debug|Any CPU
		{2B7DA65D-8EA8-4F50-8DE8-F5DEC1F98698}.Debug|Any CPU.Build.0 = Debug|Any CPU
		{2B7DA65D-8EA8-4F50-8DE8-F5DEC1F98698}.Release|Any CPU.ActiveCfg = Release|Any CPU
		{2B7DA65D-8EA8-4F50-8DE8-F5DEC1F98698}.Release|Any CPU.Build.0 = Release|Any CPU
		{43D8EC1D-E393-4CFE-9984-05AE67E2E39B}.Debug|Any CPU.ActiveCfg = Debug|Any CPU
		{43D8EC1D-E393-4CFE-9984-05AE67E2E39B}.Debug|Any CPU.Build.0 = Debug|Any CPU
		{43D8EC1D-E393-4CFE-9984-05AE67E2E39B}.Release|Any CPU.ActiveCfg = Release|Any CPU
		{43D8EC1D-E393-4CFE-9984-05AE67E2E39B}.Release|Any CPU.Build.0 = Release|Any CPU
		{098CCD22-4AEB-4214-B359-E244DF33B8FC}.Debug|Any CPU.ActiveCfg = Debug|Any CPU
		{098CCD22-4AEB-4214-B359-E244DF33B8FC}.Debug|Any CPU.Build.0 = Debug|Any CPU
		{098CCD22-4AEB-4214-B359-E244DF33B8FC}.Release|Any CPU.ActiveCfg = Release|Any CPU
		{098CCD22-4AEB-4214-B359-E244DF33B8FC}.Release|Any CPU.Build.0 = Release|Any CPU
	EndGlobalSection
	GlobalSection(SolutionProperties) = preSolution
		HideSolutionNode = FALSE
	EndGlobalSection
	GlobalSection(ExtensibilityGlobals) = postSolution
		SolutionGuid = {DB26440A-CC0F-4DCD-870E-A8C6BE1FFD3E}
	EndGlobalSection
EndGlobal
